
Microsoft Visual Studio Solution File, Format Version 12.00
# Visual Studio Version 17
VisualStudioVersion = 17.5.002.0
MinimumVisualStudioVersion = 10.0.40219.1
Project("{9A19103F-16F7-4668-BE54-9A1E7A4F7556}") = "mongo", "mongo.csproj", "{D71AD11D-9A9B-42E8-AD3F-1D89A48D664D}"
EndProject
Global
	GlobalSection(SolutionConfigurationPlatforms) = preSolution
		Debug|Any CPU = Debug|Any CPU
		Release|Any CPU = Release|Any CPU
	EndGlobalSection
	GlobalSection(ProjectConfigurationPlatforms) = postSolution
		{D71AD11D-9A9B-42E8-AD3F-1D89A48D664D}.Debug|Any CPU.ActiveCfg = Debug|Any CPU
		{D71AD11D-9A9B-42E8-AD3F-1D89A48D664D}.Debug|Any CPU.Build.0 = Debug|Any CPU
		{D71AD11D-9A9B-42E8-AD3F-1D89A48D664D}.Release|Any CPU.ActiveCfg = Release|Any CPU
		{D71AD11D-9A9B-42E8-AD3F-1D89A48D664D}.Release|Any CPU.Build.0 = Release|Any CPU
	EndGlobalSection
	GlobalSection(SolutionProperties) = preSolution
		HideSolutionNode = FALSE
	EndGlobalSection
	GlobalSection(ExtensibilityGlobals) = postSolution
		SolutionGuid = {19143D5A-F900-4E0D-AFC0-6B23998EE222}
	EndGlobalSection
EndGlobal
